{
  "name": "node-red-contrib-rainbow-hat",
  "version": "1.0.0",
  "lockfileVersion": 1,
  "requires": true,
  "dependencies": {
    "asap": {
      "version": "2.0.6",
      "resolved": "https://registry.npmjs.org/asap/-/asap-2.0.6.tgz",
      "integrity": "sha1-5QNHYR1+aQlDIIu9r+vLwvuGbUY="
    },
    "async": {
      "version": "1.5.2",
      "resolved": "https://registry.npmjs.org/async/-/async-1.5.2.tgz",
      "integrity": "sha1-7GphrlZIDAw8skHJVhjiCJL5Zyo="
    },
    "bindings": {
      "version": "1.3.0",
      "resolved": "https://registry.npmjs.org/bindings/-/bindings-1.3.0.tgz",
      "integrity": "sha512-DpLh5EzMR2kzvX1KIlVC0VkC3iZtHKTgdtZ0a3pglBZdaQFjt5S9g9xd1lE+YvXyfd6mtCeRnrUfOLYiTMlNSw=="
    },
    "bme280-sensor": {
      "version": "0.1.6",
      "resolved": "https://registry.npmjs.org/bme280-sensor/-/bme280-sensor-0.1.6.tgz",
      "integrity": "sha1-CmEKxm2ozmi8lxm55tH/GrFxJ1I=",
      "requires": {
        "i2c-bus": "1.2.5"
      }
    },
    "coffee-script": {
      "version": "1.9.1",
      "resolved": "https://registry.npmjs.org/coffee-script/-/coffee-script-1.9.1.tgz",
      "integrity": "sha1-xFjQIgD0YNBkp5y2qx7m4snKHDE="
    },
    "debug": {
      "version": "2.6.9",
      "resolved": "https://registry.npmjs.org/debug/-/debug-2.6.9.tgz",
      "integrity": "sha512-bC7ElrdJaJnPbAP+1EotYvqZsb3ecl5wi6Bfi6BJTUcNowp6cvspg0jXznRTKDjm/E7AdgFBVeAPVMNcKGsHMA==",
      "requires": {
        "ms": "2.0.0"
      }
    },
    "epoll": {
      "version": "0.1.22",
      "resolved": "https://registry.npmjs.org/epoll/-/epoll-0.1.22.tgz",
      "integrity": "sha1-GrmmN8/xGiCXDIiLHKIXi2TPUpE=",
      "requires": {
        "bindings": "1.2.1",
        "nan": "2.6.2"
      },
      "dependencies": {
        "bindings": {
          "version": "1.2.1",
          "resolved": "https://registry.npmjs.org/bindings/-/bindings-1.2.1.tgz",
          "integrity": "sha1-FK1hE4EtLTfXLme0ystLtyZQXxE="
        },
        "nan": {
          "version": "2.6.2",
          "resolved": "https://registry.npmjs.org/nan/-/nan-2.6.2.tgz",
          "integrity": "sha1-5P805slf37WuzAjeZZb0NgWn20U="
        }
      }
    },
    "ht16k33-fourteensegment-display": {
      "version": "0.1.1",
      "resolved": "https://registry.npmjs.org/ht16k33-fourteensegment-display/-/ht16k33-fourteensegment-display-0.1.1.tgz",
      "integrity": "sha1-Q0T0Orl5fc7c4Grr9fjpcRiGpTI=",
      "requires": {
        "i2c": "0.2.3",
        "underscore": "1.8.3"
      }
    },
    "i2c": {
      "version": "0.2.3",
      "resolved": "https://registry.npmjs.org/i2c/-/i2c-0.2.3.tgz",
      "integrity": "sha1-9D9wKBQQJq5IrymQo3RjPR2rPSs=",
      "requires": {
        "bindings": "1.2.1",
        "coffee-script": "1.9.1",
        "nan": "2.3.5",
        "repl": "0.1.3",
        "underscore": "1.8.2"
      },
      "dependencies": {
        "bindings": {
          "version": "1.2.1",
          "resolved": "https://registry.npmjs.org/bindings/-/bindings-1.2.1.tgz",
          "integrity": "sha1-FK1hE4EtLTfXLme0ystLtyZQXxE="
        },
        "nan": {
          "version": "2.3.5",
          "resolved": "https://registry.npmjs.org/nan/-/nan-2.3.5.tgz",
          "integrity": "sha1-gioNwmYpDOTNOhIoLKPn42Rmigg="
        },
        "underscore": {
          "version": "1.8.2",
          "resolved": "https://registry.npmjs.org/underscore/-/underscore-1.8.2.tgz",
          "integrity": "sha1-ZN8utZCJnelQeC83NRkLpC6/MR0="
        }
      }
    },
    "i2c-bus": {
      "version": "1.2.5",
      "resolved": "https://registry.npmjs.org/i2c-bus/-/i2c-bus-1.2.5.tgz",
      "integrity": "sha512-cwa0p/wg2bNx7IaCWT1aTK3Aptq3Ul2nTHHHwj8+ACfmPXsbWet5Werkzja80ZlC5sRkhIr/C0zKMmr5wJ8Z/w==",
      "requires": {
        "bindings": "1.3.0",
        "nan": "2.8.0"
      }
    },
    "ms": {
      "version": "2.0.0",
      "resolved": "https://registry.npmjs.org/ms/-/ms-2.0.0.tgz",
      "integrity": "sha1-VgiurfwAvmwpAd9fmGF4jeDVl8g="
    },
    "nan": {
      "version": "2.8.0",
      "resolved": "https://registry.npmjs.org/nan/-/nan-2.8.0.tgz",
      "integrity": "sha1-7XFfP+neArV6XmJS2QqWZ14fCFo="
    },
    "promise": {
      "version": "7.1.1",
      "resolved": "https://registry.npmjs.org/promise/-/promise-7.1.1.tgz",
      "integrity": "sha1-SJZUxpJha4qlWwck+oCbt9tJxb8=",
      "requires": {
        "asap": "2.0.6"
      }
    },
    "repl": {
      "version": "0.1.3",
      "resolved": "https://registry.npmjs.org/repl/-/repl-0.1.3.tgz",
      "integrity": "sha1-LwXUKwyItD0FzL2hDtFK7/Vpm2A="
    },
    "rpi-gpio": {
      "version": "0.9.1",
      "resolved": "https://registry.npmjs.org/rpi-gpio/-/rpi-gpio-0.9.1.tgz",
      "integrity": "sha1-EIUCwDFYSwavF+29x/I/cK3pado=",
      "requires": {
        "async": "1.5.2",
        "debug": "2.6.9",
        "epoll": "0.1.22",
        "promise": "7.1.1"
      }
    },
    "spi-device": {
      "version": "1.0.2",
      "resolved": "https://registry.npmjs.org/spi-device/-/spi-device-1.0.2.tgz",
      "integrity": "sha512-7zzEzZX0cM15KduJU3QxMPs6ULUocWOT5OXv6akTLLiGL5yZBkdBttdoun/TUAquYh/A6TvkfPbHCK3DTcombg==",
      "requires": {
        "bindings": "1.3.0",
        "nan": "2.8.0"
      }
    },
    "underscore": {
      "version": "1.8.3",
      "resolved": "https://registry.npmjs.org/underscore/-/underscore-1.8.3.tgz",
      "integrity": "sha1-Tz+1OxBuYJf8+ctBCfKl6b36UCI="
    }
  }
}
